
Microsoft Visual Studio Solution File, Format Version 12.00
# Visual Studio 2015
Project("{FAE04EC0-301F-11D3-BF4B-00C04F79EFBC}") = "UnityVS.Wheelie.CSharp", "UnityVS.Wheelie.CSharp.csproj", "{ECD9FE8E-7E46-A82E-70A6-454C67C7C4C6}"
EndProject
Global
	GlobalSection(SolutionConfigurationPlatforms) = preSolution
		Debug|Any CPU = Debug|Any CPU
		Release|Any CPU = Release|Any CPU
	EndGlobalSection
	GlobalSection(ProjectConfigurationPlatforms) = postSolution
		{ECD9FE8E-7E46-A82E-70A6-454C67C7C4C6}.Debug|Any CPU.ActiveCfg = Debug|Any CPU
		{ECD9FE8E-7E46-A82E-70A6-454C67C7C4C6}.Debug|Any CPU.Build.0 = Debug|Any CPU
		{ECD9FE8E-7E46-A82E-70A6-454C67C7C4C6}.Release|Any CPU.ActiveCfg = Release|Any CPU
		{ECD9FE8E-7E46-A82E-70A6-454C67C7C4C6}.Release|Any CPU.Build.0 = Release|Any CPU
	EndGlobalSection
	GlobalSection(SolutionProperties) = preSolution
		HideSolutionNode = FALSE
	EndGlobalSection
EndGlobal
